
Microsoft Visual Studio Solution File, Format Version 12.00
# Visual Studio Version 17
VisualStudioVersion = 17.9.34723.18
MinimumVisualStudioVersion = 10.0.40219.1
Project("{9A19103F-16F7-4668-BE54-9A1E7A4F7556}") = "Outlook Signature Generator", "Signature\Outlook Signature Generator.csproj", "{9FAB4268-6E08-4E14-9487-F9E90BBD6D04}"
EndProject
Global
	GlobalSection(SolutionConfigurationPlatforms) = preSolution
		Debug|Any CPU = Debug|Any CPU
		Release|Any CPU = Release|Any CPU
	EndGlobalSection
	GlobalSection(ProjectConfigurationPlatforms) = postSolution
		{9FAB4268-6E08-4E14-9487-F9E90BBD6D04}.Debug|Any CPU.ActiveCfg = Debug|Any CPU
		{9FAB4268-6E08-4E14-9487-F9E90BBD6D04}.Debug|Any CPU.Build.0 = Debug|Any CPU
		{9FAB4268-6E08-4E14-9487-F9E90BBD6D04}.Release|Any CPU.ActiveCfg = Release|Any CPU
		{9FAB4268-6E08-4E14-9487-F9E90BBD6D04}.Release|Any CPU.Build.0 = Release|Any CPU
	EndGlobalSection
	GlobalSection(SolutionProperties) = preSolution
		HideSolutionNode = FALSE
	EndGlobalSection
	GlobalSection(ExtensibilityGlobals) = postSolution
		SolutionGuid = {56A58E4B-C60D-43EE-ABDE-5C0D8E9CA261}
	EndGlobalSection
	GlobalSection(TeamFoundationVersionControl) = preSolution
		SccNumberOfProjects = 2
		SccEnterpriseProvider = {4CA58AB2-18FA-4F8D-95D4-32DDF27D184C}
		SccTeamFoundationServer = http://amtfs:8080/tfs/defaultcollection
		SccProjectUniqueName0 = Signature\\Outlook\u0020Signature\u0020Generator.csproj
		SccProjectName0 = Signature
		SccLocalPath0 = Signature
		SccLocalPath1 = .
	EndGlobalSection
EndGlobal
